// !$*UTF8*$!
{
	archiveVersion = 1;
	classes = {
	};
	objectVersion = 56;
	objects = {

/* Begin PBXBuildFile section */
		CC296FB02AD6C52F00F7BD49 /* hikeData.json in Resources */ = {isa = PBXBuildFile; fileRef = CC296FAF2AD6C52F00F7BD49 /* hikeData.json */; };
		CC296FB22AD6C54F00F7BD49 /* Hike.swift in Sources */ = {isa = PBXBuildFile; fileRef = CC296FB12AD6C54F00F7BD49 /* Hike.swift */; };
		CC296FB82AD6C79B00F7BD49 /* GraphCapsule.swift in Sources */ = {isa = PBXBuildFile; fileRef = CC296FB42AD6C79B00F7BD49 /* GraphCapsule.swift */; };
		CC296FB92AD6C79B00F7BD49 /* HikeGraph.swift in Sources */ = {isa = PBXBuildFile; fileRef = CC296FB52AD6C79B00F7BD49 /* HikeGraph.swift */; };
		CC296FBA2AD6C79B00F7BD49 /* HikeDetail.swift in Sources */ = {isa = PBXBuildFile; fileRef = CC296FB62AD6C79B00F7BD49 /* HikeDetail.swift */; };
		CC296FBB2AD6C79B00F7BD49 /* HikeView.swift in Sources */ = {isa = PBXBuildFile; fileRef = CC296FB72AD6C79B00F7BD49 /* HikeView.swift */; };
		CC296FBD2AD6D94100F7BD49 /* CategoryHome.swift in Sources */ = {isa = PBXBuildFile; fileRef = CC296FBC2AD6D94100F7BD49 /* CategoryHome.swift */; };
		CC296FBF2AD6DC2100F7BD49 /* CategoryRow.swift in Sources */ = {isa = PBXBuildFile; fileRef = CC296FBE2AD6DC2100F7BD49 /* CategoryRow.swift */; };
		CC296FC12AD6DD3500F7BD49 /* CategoryItem.swift in Sources */ = {isa = PBXBuildFile; fileRef = CC296FC02AD6DD3500F7BD49 /* CategoryItem.swift */; };
		CC296FC32AD70DFB00F7BD49 /* Profile.swift in Sources */ = {isa = PBXBuildFile; fileRef = CC296FC22AD70DFB00F7BD49 /* Profile.swift */; };
		CC296FC72AD70ED900F7BD49 /* ProfileHost.swift in Sources */ = {isa = PBXBuildFile; fileRef = CC296FC62AD70ED900F7BD49 /* ProfileHost.swift */; };
		CC296FC92AD70F3C00F7BD49 /* ProfileSummary.swift in Sources */ = {isa = PBXBuildFile; fileRef = CC296FC82AD70F3C00F7BD49 /* ProfileSummary.swift */; };
		CC296FCB2AD7105900F7BD49 /* HikeBadge.swift in Sources */ = {isa = PBXBuildFile; fileRef = CC296FCA2AD7105900F7BD49 /* HikeBadge.swift */; };
		CC296FCD2AD733D500F7BD49 /* ProfileEditor.swift in Sources */ = {isa = PBXBuildFile; fileRef = CC296FCC2AD733D500F7BD49 /* ProfileEditor.swift */; };
		CC4585D02AD2C4E0009B36E4 /* LandmarksApp.swift in Sources */ = {isa = PBXBuildFile; fileRef = CC4585CF2AD2C4E0009B36E4 /* LandmarksApp.swift */; };
		CC4585D22AD2C4E0009B36E4 /* ContentView.swift in Sources */ = {isa = PBXBuildFile; fileRef = CC4585D12AD2C4E0009B36E4 /* ContentView.swift */; };
		CC4585D42AD2C4E1009B36E4 /* Assets.xcassets in Resources */ = {isa = PBXBuildFile; fileRef = CC4585D32AD2C4E1009B36E4 /* Assets.xcassets */; };
		CC4585D72AD2C4E1009B36E4 /* Preview Assets.xcassets in Resources */ = {isa = PBXBuildFile; fileRef = CC4585D62AD2C4E1009B36E4 /* Preview Assets.xcassets */; };
		CC4585DE2AD2CA4A009B36E4 /* CircleImage.swift in Sources */ = {isa = PBXBuildFile; fileRef = CC4585DD2AD2CA4A009B36E4 /* CircleImage.swift */; };
		CC4585E02AD2CB73009B36E4 /* MapView.swift in Sources */ = {isa = PBXBuildFile; fileRef = CC4585DF2AD2CB73009B36E4 /* MapView.swift */; };
		CC4585E32AD2D424009B36E4 /* landmarkData.json in Resources */ = {isa = PBXBuildFile; fileRef = CC4585E22AD2D424009B36E4 /* landmarkData.json */; };
		CC4585E52AD2D444009B36E4 /* Landmark.swift in Sources */ = {isa = PBXBuildFile; fileRef = CC4585E42AD2D444009B36E4 /* Landmark.swift */; };
		CC4585E72AD2D6F3009B36E4 /* ModelData.swift in Sources */ = {isa = PBXBuildFile; fileRef = CC4585E62AD2D6F3009B36E4 /* ModelData.swift */; };
		CC4585EB2AD2D864009B36E4 /* LandmarkRow.swift in Sources */ = {isa = PBXBuildFile; fileRef = CC4585EA2AD2D864009B36E4 /* LandmarkRow.swift */; };
		CC4585ED2AD2DA74009B36E4 /* LandmarkList.swift in Sources */ = {isa = PBXBuildFile; fileRef = CC4585EC2AD2DA74009B36E4 /* LandmarkList.swift */; };
		CC4585EF2AD2DCC4009B36E4 /* LandmarkDetail.swift in Sources */ = {isa = PBXBuildFile; fileRef = CC4585EE2AD2DCC4009B36E4 /* LandmarkDetail.swift */; };
		CC9AA9FE2AD583A800EDCCD3 /* FavoriteButton.swift in Sources */ = {isa = PBXBuildFile; fileRef = CC9AA9FD2AD583A800EDCCD3 /* FavoriteButton.swift */; };
		CC9AAA022AD5F6F600EDCCD3 /* HexagonParameters.swift in Sources */ = {isa = PBXBuildFile; fileRef = CC9AAA012AD5F6F600EDCCD3 /* HexagonParameters.swift */; };
		CC9AAA042AD5F8DC00EDCCD3 /* BadgeBackground.swift in Sources */ = {isa = PBXBuildFile; fileRef = CC9AAA032AD5F8DC00EDCCD3 /* BadgeBackground.swift */; };
		CC9AAA062AD5FF9C00EDCCD3 /* BadgeSymbol.swift in Sources */ = {isa = PBXBuildFile; fileRef = CC9AAA052AD5FF9C00EDCCD3 /* BadgeSymbol.swift */; };
		CC9AAA082AD6014400EDCCD3 /* RotatedBadgeSymbol.swift in Sources */ = {isa = PBXBuildFile; fileRef = CC9AAA072AD6014400EDCCD3 /* RotatedBadgeSymbol.swift */; };
		CC9AAA0A2AD601C200EDCCD3 /* Badge.swift in Sources */ = {isa = PBXBuildFile; fileRef = CC9AAA092AD601C200EDCCD3 /* Badge.swift */; };
/* End PBXBuildFile section */

/* Begin PBXFileReference section */
		CC296FAF2AD6C52F00F7BD49 /* hikeData.json */ = {isa = PBXFileReference; fileEncoding = 4; lastKnownFileType = text.json; path = hikeData.json; sourceTree = "<group>"; };
		CC296FB12AD6C54F00F7BD49 /* Hike.swift */ = {isa = PBXFileReference; lastKnownFileType = sourcecode.swift; path = Hike.swift; sourceTree = "<group>"; };
		CC296FB42AD6C79B00F7BD49 /* GraphCapsule.swift */ = {isa = PBXFileReference; fileEncoding = 4; lastKnownFileType = sourcecode.swift; path = GraphCapsule.swift; sourceTree = "<group>"; };
		CC296FB52AD6C79B00F7BD49 /* HikeGraph.swift */ = {isa = PBXFileReference; fileEncoding = 4; lastKnownFileType = sourcecode.swift; path = HikeGraph.swift; sourceTree = "<group>"; };
		CC296FB62AD6C79B00F7BD49 /* HikeDetail.swift */ = {isa = PBXFileReference; fileEncoding = 4; lastKnownFileType = sourcecode.swift; path = HikeDetail.swift; sourceTree = "<group>"; };
		CC296FB72AD6C79B00F7BD49 /* HikeView.swift */ = {isa = PBXFileReference; fileEncoding = 4; lastKnownFileType = sourcecode.swift; path = HikeView.swift; sourceTree = "<group>"; };
		CC296FBC2AD6D94100F7BD49 /* CategoryHome.swift */ = {isa = PBXFileReference; lastKnownFileType = sourcecode.swift; path = CategoryHome.swift; sourceTree = "<group>"; };
		CC296FBE2AD6DC2100F7BD49 /* CategoryRow.swift */ = {isa = PBXFileReference; lastKnownFileType = sourcecode.swift; path = CategoryRow.swift; sourceTree = "<group>"; };
		CC296FC02AD6DD3500F7BD49 /* CategoryItem.swift */ = {isa = PBXFileReference; lastKnownFileType = sourcecode.swift; path = CategoryItem.swift; sourceTree = "<group>"; };
		CC296FC22AD70DFB00F7BD49 /* Profile.swift */ = {isa = PBXFileReference; lastKnownFileType = sourcecode.swift; path = Profile.swift; sourceTree = "<group>"; };
		CC296FC62AD70ED900F7BD49 /* ProfileHost.swift */ = {isa = PBXFileReference; lastKnownFileType = sourcecode.swift; path = ProfileHost.swift; sourceTree = "<group>"; };
		CC296FC82AD70F3C00F7BD49 /* ProfileSummary.swift */ = {isa = PBXFileReference; lastKnownFileType = sourcecode.swift; path = ProfileSummary.swift; sourceTree = "<group>"; };
		CC296FCA2AD7105900F7BD49 /* HikeBadge.swift */ = {isa = PBXFileReference; lastKnownFileType = sourcecode.swift; path = HikeBadge.swift; sourceTree = "<group>"; };
		CC296FCC2AD733D500F7BD49 /* ProfileEditor.swift */ = {isa = PBXFileReference; lastKnownFileType = sourcecode.swift; path = ProfileEditor.swift; sourceTree = "<group>"; };
		CC4585CC2AD2C4E0009B36E4 /* Landmarks.app */ = {isa = PBXFileReference; explicitFileType = wrapper.application; includeInIndex = 0; path = Landmarks.app; sourceTree = BUILT_PRODUCTS_DIR; };
		CC4585CF2AD2C4E0009B36E4 /* LandmarksApp.swift */ = {isa = PBXFileReference; lastKnownFileType = sourcecode.swift; path = LandmarksApp.swift; sourceTree = "<group>"; };
		CC4585D12AD2C4E0009B36E4 /* ContentView.swift */ = {isa = PBXFileReference; lastKnownFileType = sourcecode.swift; path = ContentView.swift; sourceTree = "<group>"; };
		CC4585D32AD2C4E1009B36E4 /* Assets.xcassets */ = {isa = PBXFileReference; lastKnownFileType = folder.assetcatalog; path = Assets.xcassets; sourceTree = "<group>"; };
		CC4585D62AD2C4E1009B36E4 /* Preview Assets.xcassets */ = {isa = PBXFileReference; lastKnownFileType = folder.assetcatalog; path = "Preview Assets.xcassets"; sourceTree = "<group>"; };
		CC4585DD2AD2CA4A009B36E4 /* CircleImage.swift */ = {isa = PBXFileReference; lastKnownFileType = sourcecode.swift; path = CircleImage.swift; sourceTree = "<group>"; };
		CC4585DF2AD2CB73009B36E4 /* MapView.swift */ = {isa = PBXFileReference; lastKnownFileType = sourcecode.swift; path = MapView.swift; sourceTree = "<group>"; };
		CC4585E22AD2D424009B36E4 /* landmarkData.json */ = {isa = PBXFileReference; fileEncoding = 4; lastKnownFileType = text.json; path = landmarkData.json; sourceTree = "<group>"; };
		CC4585E42AD2D444009B36E4 /* Landmark.swift */ = {isa = PBXFileReference; lastKnownFileType = sourcecode.swift; path = Landmark.swift; sourceTree = "<group>"; };
		CC4585E62AD2D6F3009B36E4 /* ModelData.swift */ = {isa = PBXFileReference; lastKnownFileType = sourcecode.swift; path = ModelData.swift; sourceTree = "<group>"; };
		CC4585EA2AD2D864009B36E4 /* LandmarkRow.swift */ = {isa = PBXFileReference; lastKnownFileType = sourcecode.swift; path = LandmarkRow.swift; sourceTree = "<group>"; };
		CC4585EC2AD2DA74009B36E4 /* LandmarkList.swift */ = {isa = PBXFileReference; lastKnownFileType = sourcecode.swift; path = LandmarkList.swift; sourceTree = "<group>"; };
		CC4585EE2AD2DCC4009B36E4 /* LandmarkDetail.swift */ = {isa = PBXFileReference; lastKnownFileType = sourcecode.swift; path = LandmarkDetail.swift; sourceTree = "<group>"; };
		CC9AA9FD2AD583A800EDCCD3 /* FavoriteButton.swift */ = {isa = PBXFileReference; lastKnownFileType = sourcecode.swift; path = FavoriteButton.swift; sourceTree = "<group>"; };
		CC9AAA012AD5F6F600EDCCD3 /* HexagonParameters.swift */ = {isa = PBXFileReference; lastKnownFileType = sourcecode.swift; path = HexagonParameters.swift; sourceTree = "<group>"; };
		CC9AAA032AD5F8DC00EDCCD3 /* BadgeBackground.swift */ = {isa = PBXFileReference; lastKnownFileType = sourcecode.swift; path = BadgeBackground.swift; sourceTree = "<group>"; };
		CC9AAA052AD5FF9C00EDCCD3 /* BadgeSymbol.swift */ = {isa = PBXFileReference; lastKnownFileType = sourcecode.swift; path = BadgeSymbol.swift; sourceTree = "<group>"; };
		CC9AAA072AD6014400EDCCD3 /* RotatedBadgeSymbol.swift */ = {isa = PBXFileReference; lastKnownFileType = sourcecode.swift; path = RotatedBadgeSymbol.swift; sourceTree = "<group>"; };
		CC9AAA092AD601C200EDCCD3 /* Badge.swift */ = {isa = PBXFileReference; lastKnownFileType = sourcecode.swift; path = Badge.swift; sourceTree = "<group>"; };
/* End PBXFileReference section */

/* Begin PBXFrameworksBuildPhase section */
		CC4585C92AD2C4E0009B36E4 /* Frameworks */ = {
			isa = PBXFrameworksBuildPhase;
			buildActionMask = 2147483647;
			files = (
			);
			runOnlyForDeploymentPostprocessing = 0;
		};
/* End PBXFrameworksBuildPhase section */

/* Begin PBXGroup section */
		CC296FB32AD6C79B00F7BD49 /* Hikes */ = {
			isa = PBXGroup;
			children = (
				CC296FB42AD6C79B00F7BD49 /* GraphCapsule.swift */,
				CC296FB52AD6C79B00F7BD49 /* HikeGraph.swift */,
				CC296FB62AD6C79B00F7BD49 /* HikeDetail.swift */,
				CC296FB72AD6C79B00F7BD49 /* HikeView.swift */,
				CC296FCA2AD7105900F7BD49 /* HikeBadge.swift */,
			);
			path = Hikes;
			sourceTree = "<group>";
		};
		CC296FC42AD70EB500F7BD49 /* Category */ = {
			isa = PBXGroup;
			children = (
				CC296FBC2AD6D94100F7BD49 /* CategoryHome.swift */,
				CC296FBE2AD6DC2100F7BD49 /* CategoryRow.swift */,
				CC296FC02AD6DD3500F7BD49 /* CategoryItem.swift */,
			);
			path = Category;
			sourceTree = "<group>";
		};
		CC296FC52AD70EC100F7BD49 /* Profiles */ = {
			isa = PBXGroup;
			children = (
				CC296FC62AD70ED900F7BD49 /* ProfileHost.swift */,
				CC296FC82AD70F3C00F7BD49 /* ProfileSummary.swift */,
				CC296FCC2AD733D500F7BD49 /* ProfileEditor.swift */,
			);
			path = Profiles;
			sourceTree = "<group>";
		};
		CC4585C32AD2C4E0009B36E4 = {
			isa = PBXGroup;
			children = (
				CC4585CE2AD2C4E0009B36E4 /* Landmarks */,
				CC4585CD2AD2C4E0009B36E4 /* Products */,
			);
			sourceTree = "<group>";
		};
		CC4585CD2AD2C4E0009B36E4 /* Products */ = {
			isa = PBXGroup;
			children = (
				CC4585CC2AD2C4E0009B36E4 /* Landmarks.app */,
			);
			name = Products;
			sourceTree = "<group>";
		};
		CC4585CE2AD2C4E0009B36E4 /* Landmarks */ = {
			isa = PBXGroup;
			children = (
				CC4585CF2AD2C4E0009B36E4 /* LandmarksApp.swift */,
				CC4585E12AD2CD8F009B36E4 /* Views */,
				CC4585E82AD2D7D4009B36E4 /* Model */,
				CC4585E92AD2D7EF009B36E4 /* Resources */,
				CC4585D52AD2C4E1009B36E4 /* Preview Content */,
				CC4585D32AD2C4E1009B36E4 /* Assets.xcassets */,
			);
			path = Landmarks;
			sourceTree = "<group>";
		};
		CC4585D52AD2C4E1009B36E4 /* Preview Content */ = {
			isa = PBXGroup;
			children = (
				CC4585D62AD2C4E1009B36E4 /* Preview Assets.xcassets */,
			);
			path = "Preview Content";
			sourceTree = "<group>";
		};
		CC4585E12AD2CD8F009B36E4 /* Views */ = {
			isa = PBXGroup;
			children = (
				CC4585D12AD2C4E0009B36E4 /* ContentView.swift */,
				CC296FC52AD70EC100F7BD49 /* Profiles */,
				CC296FB32AD6C79B00F7BD49 /* Hikes */,
				CC9AAA002AD5853900EDCCD3 /* Landmarks */,
				CC9AA9FF2AD5850A00EDCCD3 /* Helper */,
				CC9AAA0B2AD6037900EDCCD3 /* Badges */,
				CC296FC42AD70EB500F7BD49 /* Category */,
			);
			path = Views;
			sourceTree = "<group>";
		};
		CC4585E82AD2D7D4009B36E4 /* Model */ = {
			isa = PBXGroup;
			children = (
				CC4585E42AD2D444009B36E4 /* Landmark.swift */,
				CC4585E62AD2D6F3009B36E4 /* ModelData.swift */,
				CC296FB12AD6C54F00F7BD49 /* Hike.swift */,
				CC296FC22AD70DFB00F7BD49 /* Profile.swift */,
			);
			path = Model;
			sourceTree = "<group>";
		};
		CC4585E92AD2D7EF009B36E4 /* Resources */ = {
			isa = PBXGroup;
			children = (
				CC296FAF2AD6C52F00F7BD49 /* hikeData.json */,
				CC4585E22AD2D424009B36E4 /* landmarkData.json */,
			);
			path = Resources;
			sourceTree = "<group>";
		};
		CC9AA9FF2AD5850A00EDCCD3 /* Helper */ = {
			isa = PBXGroup;
			children = (
				CC4585DD2AD2CA4A009B36E4 /* CircleImage.swift */,
				CC4585DF2AD2CB73009B36E4 /* MapView.swift */,
				CC9AA9FD2AD583A800EDCCD3 /* FavoriteButton.swift */,
			);
			path = Helper;
			sourceTree = "<group>";
		};
		CC9AAA002AD5853900EDCCD3 /* Landmarks */ = {
			isa = PBXGroup;
			children = (
				CC4585EC2AD2DA74009B36E4 /* LandmarkList.swift */,
				CC4585EA2AD2D864009B36E4 /* LandmarkRow.swift */,
				CC4585EE2AD2DCC4009B36E4 /* LandmarkDetail.swift */,
			);
			path = Landmarks;
			sourceTree = "<group>";
		};
		CC9AAA0B2AD6037900EDCCD3 /* Badges */ = {
			isa = PBXGroup;
			children = (
				CC9AAA092AD601C200EDCCD3 /* Badge.swift */,
				CC9AAA012AD5F6F600EDCCD3 /* HexagonParameters.swift */,
				CC9AAA032AD5F8DC00EDCCD3 /* BadgeBackground.swift */,
				CC9AAA052AD5FF9C00EDCCD3 /* BadgeSymbol.swift */,
				CC9AAA072AD6014400EDCCD3 /* RotatedBadgeSymbol.swift */,
			);
			path = Badges;
			sourceTree = "<group>";
		};
/* End PBXGroup section */

/* Begin PBXNativeTarget section */
		CC4585CB2AD2C4E0009B36E4 /* Landmarks */ = {
			isa = PBXNativeTarget;
			buildConfigurationList = CC4585DA2AD2C4E1009B36E4 /* Build configuration list for PBXNativeTarget "Landmarks" */;
			buildPhases = (
				CC4585C82AD2C4E0009B36E4 /* Sources */,
				CC4585C92AD2C4E0009B36E4 /* Frameworks */,
				CC4585CA2AD2C4E0009B36E4 /* Resources */,
			);
			buildRules = (
			);
			dependencies = (
			);
			name = Landmarks;
			productName = Landmarks;
			productReference = CC4585CC2AD2C4E0009B36E4 /* Landmarks.app */;
			productType = "com.apple.product-type.application";
		};
/* End PBXNativeTarget section */

/* Begin PBXProject section */
		CC4585C42AD2C4E0009B36E4 /* Project object */ = {
			isa = PBXProject;
			attributes = {
				BuildIndependentTargetsInParallel = 1;
				LastSwiftUpdateCheck = 1500;
				LastUpgradeCheck = 1500;
				TargetAttributes = {
					CC4585CB2AD2C4E0009B36E4 = {
						CreatedOnToolsVersion = 15.0;
					};
				};
			};
			buildConfigurationList = CC4585C72AD2C4E0009B36E4 /* Build configuration list for PBXProject "Landmarks" */;
			compatibilityVersion = "Xcode 14.0";
			developmentRegion = en;
			hasScannedForEncodings = 0;
			knownRegions = (
				en,
				Base,
			);
			mainGroup = CC4585C32AD2C4E0009B36E4;
			productRefGroup = CC4585CD2AD2C4E0009B36E4 /* Products */;
			projectDirPath = "";
			projectRoot = "";
			targets = (
				CC4585CB2AD2C4E0009B36E4 /* Landmarks */,
			);
		};
/* End PBXProject section */

/* Begin PBXResourcesBuildPhase section */
		CC4585CA2AD2C4E0009B36E4 /* Resources */ = {
			isa = PBXResourcesBuildPhase;
			buildActionMask = 2147483647;
			files = (
				CC296FB02AD6C52F00F7BD49 /* hikeData.json in Resources */,
				CC4585D72AD2C4E1009B36E4 /* Preview Assets.xcassets in Resources */,
				CC4585D42AD2C4E1009B36E4 /* Assets.xcassets in Resources */,
				CC4585E32AD2D424009B36E4 /* landmarkData.json in Resources */,
			);
			runOnlyForDeploymentPostprocessing = 0;
		};
/* End PBXResourcesBuildPhase section */

/* Begin PBXSourcesBuildPhase section */
		CC4585C82AD2C4E0009B36E4 /* Sources */ = {
			isa = PBXSourcesBuildPhase;
			buildActionMask = 2147483647;
			files = (
				CC296FBF2AD6DC2100F7BD49 /* CategoryRow.swift in Sources */,
				CC296FC32AD70DFB00F7BD49 /* Profile.swift in Sources */,
				CC4585D22AD2C4E0009B36E4 /* ContentView.swift in Sources */,
				CC296FBD2AD6D94100F7BD49 /* CategoryHome.swift in Sources */,
				CC296FB92AD6C79B00F7BD49 /* HikeGraph.swift in Sources */,
				CC9AAA0A2AD601C200EDCCD3 /* Badge.swift in Sources */,
				CC4585E02AD2CB73009B36E4 /* MapView.swift in Sources */,
				CC296FB82AD6C79B00F7BD49 /* GraphCapsule.swift in Sources */,
				CC4585D02AD2C4E0009B36E4 /* LandmarksApp.swift in Sources */,
				CC9AA9FE2AD583A800EDCCD3 /* FavoriteButton.swift in Sources */,
				CC296FC12AD6DD3500F7BD49 /* CategoryItem.swift in Sources */,
				CC296FBA2AD6C79B00F7BD49 /* HikeDetail.swift in Sources */,
				CC296FC92AD70F3C00F7BD49 /* ProfileSummary.swift in Sources */,
				CC9AAA022AD5F6F600EDCCD3 /* HexagonParameters.swift in Sources */,
				CC296FC72AD70ED900F7BD49 /* ProfileHost.swift in Sources */,
				CC296FB22AD6C54F00F7BD49 /* Hike.swift in Sources */,
				CC9AAA082AD6014400EDCCD3 /* RotatedBadgeSymbol.swift in Sources */,
				CC9AAA062AD5FF9C00EDCCD3 /* BadgeSymbol.swift in Sources */,
				CC296FCD2AD733D500F7BD49 /* ProfileEditor.swift in Sources */,
				CC4585ED2AD2DA74009B36E4 /* LandmarkList.swift in Sources */,
				CC296FBB2AD6C79B00F7BD49 /* HikeView.swift in Sources */,
				CC4585EF2AD2DCC4009B36E4 /* LandmarkDetail.swift in Sources */,
				CC9AAA042AD5F8DC00EDCCD3 /* BadgeBackground.swift in Sources */,
				CC296FCB2AD7105900F7BD49 /* HikeBadge.swift in Sources */,
				CC4585DE2AD2CA4A009B36E4 /* CircleImage.swift in Sources */,
				CC4585E52AD2D444009B36E4 /* Landmark.swift in Sources */,
				CC4585EB2AD2D864009B36E4 /* LandmarkRow.swift in Sources */,
				CC4585E72AD2D6F3009B36E4 /* ModelData.swift in Sources */,
			);
			runOnlyForDeploymentPostprocessing = 0;
		};
/* End PBXSourcesBuildPhase section */

/* Begin XCBuildConfiguration section */
		CC4585D82AD2C4E1009B36E4 /* Debug */ = {
			isa = XCBuildConfiguration;
			buildSettings = {
				ALWAYS_SEARCH_USER_PATHS = NO;
				ASSETCATALOG_COMPILER_GENERATE_SWIFT_ASSET_SYMBOL_EXTENSIONS = YES;
				CLANG_ANALYZER_NONNULL = YES;
				CLANG_ANALYZER_NUMBER_OBJECT_CONVERSION = YES_AGGRESSIVE;
				CLANG_CXX_LANGUAGE_STANDARD = "gnu++20";
				CLANG_ENABLE_MODULES = YES;
				CLANG_ENABLE_OBJC_ARC = YES;
				CLANG_ENABLE_OBJC_WEAK = YES;
				CLANG_WARN_BLOCK_CAPTURE_AUTORELEASING = YES;
				CLANG_WARN_BOOL_CONVERSION = YES;
				CLANG_WARN_COMMA = YES;
				CLANG_WARN_CONSTANT_CONVERSION = YES;
				CLANG_WARN_DEPRECATED_OBJC_IMPLEMENTATIONS = YES;
				CLANG_WARN_DIRECT_OBJC_ISA_USAGE = YES_ERROR;
				CLANG_WARN_DOCUMENTATION_COMMENTS = YES;
				CLANG_WARN_EMPTY_BODY = YES;
				CLANG_WARN_ENUM_CONVERSION = YES;
				CLANG_WARN_INFINITE_RECURSION = YES;
				CLANG_WARN_INT_CONVERSION = YES;
				CLANG_WARN_NON_LITERAL_NULL_CONVERSION = YES;
				CLANG_WARN_OBJC_IMPLICIT_RETAIN_SELF = YES;
				CLANG_WARN_OBJC_LITERAL_CONVERSION = YES;
				CLANG_WARN_OBJC_ROOT_CLASS = YES_ERROR;
				CLANG_WARN_QUOTED_INCLUDE_IN_FRAMEWORK_HEADER = YES;
				CLANG_WARN_RANGE_LOOP_ANALYSIS = YES;
				CLANG_WARN_STRICT_PROTOTYPES = YES;
				CLANG_WARN_SUSPICIOUS_MOVE = YES;
				CLANG_WARN_UNGUARDED_AVAILABILITY = YES_AGGRESSIVE;
				CLANG_WARN_UNREACHABLE_CODE = YES;
				CLANG_WARN__DUPLICATE_METHOD_MATCH = YES;
				COPY_PHASE_STRIP = NO;
				DEBUG_INFORMATION_FORMAT = dwarf;
				ENABLE_STRICT_OBJC_MSGSEND = YES;
				ENABLE_TESTABILITY = YES;
				ENABLE_USER_SCRIPT_SANDBOXING = YES;
				GCC_C_LANGUAGE_STANDARD = gnu17;
				GCC_DYNAMIC_NO_PIC = NO;
				GCC_NO_COMMON_BLOCKS = YES;
				GCC_OPTIMIZATION_LEVEL = 0;
				GCC_PREPROCESSOR_DEFINITIONS = (
					"DEBUG=1",
					"$(inherited)",
				);
				GCC_WARN_64_TO_32_BIT_CONVERSION = YES;
				GCC_WARN_ABOUT_RETURN_TYPE = YES_ERROR;
				GCC_WARN_UNDECLARED_SELECTOR = YES;
				GCC_WARN_UNINITIALIZED_AUTOS = YES_AGGRESSIVE;
				GCC_WARN_UNUSED_FUNCTION = YES;
				GCC_WARN_UNUSED_VARIABLE = YES;
				IPHONEOS_DEPLOYMENT_TARGET = 17.0;
				LOCALIZATION_PREFERS_STRING_CATALOGS = YES;
				MTL_ENABLE_DEBUG_INFO = INCLUDE_SOURCE;
				MTL_FAST_MATH = YES;
				ONLY_ACTIVE_ARCH = YES;
				SDKROOT = iphoneos;
				SWIFT_ACTIVE_COMPILATION_CONDITIONS = "DEBUG $(inherited)";
				SWIFT_OPTIMIZATION_LEVEL = "-Onone";
			};
			name = Debug;
		};
		CC4585D92AD2C4E1009B36E4 /* Release */ = {
			isa = XCBuildConfiguration;
			buildSettings = {
				ALWAYS_SEARCH_USER_PATHS = NO;
				ASSETCATALOG_COMPILER_GENERATE_SWIFT_ASSET_SYMBOL_EXTENSIONS = YES;
				CLANG_ANALYZER_NONNULL = YES;
				CLANG_ANALYZER_NUMBER_OBJECT_CONVERSION = YES_AGGRESSIVE;
				CLANG_CXX_LANGUAGE_STANDARD = "gnu++20";
				CLANG_ENABLE_MODULES = YES;
				CLANG_ENABLE_OBJC_ARC = YES;
				CLANG_ENABLE_OBJC_WEAK = YES;
				CLANG_WARN_BLOCK_CAPTURE_AUTORELEASING = YES;
				CLANG_WARN_BOOL_CONVERSION = YES;
				CLANG_WARN_COMMA = YES;
				CLANG_WARN_CONSTANT_CONVERSION = YES;
				CLANG_WARN_DEPRECATED_OBJC_IMPLEMENTATIONS = YES;
				CLANG_WARN_DIRECT_OBJC_ISA_USAGE = YES_ERROR;
				CLANG_WARN_DOCUMENTATION_COMMENTS = YES;
				CLANG_WARN_EMPTY_BODY = YES;
				CLANG_WARN_ENUM_CONVERSION = YES;
				CLANG_WARN_INFINITE_RECURSION = YES;
				CLANG_WARN_INT_CONVERSION = YES;
				CLANG_WARN_NON_LITERAL_NULL_CONVERSION = YES;
				CLANG_WARN_OBJC_IMPLICIT_RETAIN_SELF = YES;
				CLANG_WARN_OBJC_LITERAL_CONVERSION = YES;
				CLANG_WARN_OBJC_ROOT_CLASS = YES_ERROR;
				CLANG_WARN_QUOTED_INCLUDE_IN_FRAMEWORK_HEADER = YES;
				CLANG_WARN_RANGE_LOOP_ANALYSIS = YES;
				CLANG_WARN_STRICT_PROTOTYPES = YES;
				CLANG_WARN_SUSPICIOUS_MOVE = YES;
				CLANG_WARN_UNGUARDED_AVAILABILITY = YES_AGGRESSIVE;
				CLANG_WARN_UNREACHABLE_CODE = YES;
				CLANG_WARN__DUPLICATE_METHOD_MATCH = YES;
				COPY_PHASE_STRIP = NO;
				DEBUG_INFORMATION_FORMAT = "dwarf-with-dsym";
				ENABLE_NS_ASSERTIONS = NO;
				ENABLE_STRICT_OBJC_MSGSEND = YES;
				ENABLE_USER_SCRIPT_SANDBOXING = YES;
				GCC_C_LANGUAGE_STANDARD = gnu17;
				GCC_NO_COMMON_BLOCKS = YES;
				GCC_WARN_64_TO_32_BIT_CONVERSION = YES;
				GCC_WARN_ABOUT_RETURN_TYPE = YES_ERROR;
				GCC_WARN_UNDECLARED_SELECTOR = YES;
				GCC_WARN_UNINITIALIZED_AUTOS = YES_AGGRESSIVE;
				GCC_WARN_UNUSED_FUNCTION = YES;
				GCC_WARN_UNUSED_VARIABLE = YES;
				IPHONEOS_DEPLOYMENT_TARGET = 17.0;
				LOCALIZATION_PREFERS_STRING_CATALOGS = YES;
				MTL_ENABLE_DEBUG_INFO = NO;
				MTL_FAST_MATH = YES;
				SDKROOT = iphoneos;
				SWIFT_COMPILATION_MODE = wholemodule;
				VALIDATE_PRODUCT = YES;
			};
			name = Release;
		};
		CC4585DB2AD2C4E1009B36E4 /* Debug */ = {
			isa = XCBuildConfiguration;
			buildSettings = {
				ASSETCATALOG_COMPILER_APPICON_NAME = AppIcon;
				ASSETCATALOG_COMPILER_GLOBAL_ACCENT_COLOR_NAME = AccentColor;
				CODE_SIGN_STYLE = Automatic;
				CURRENT_PROJECT_VERSION = 1;
				DEVELOPMENT_ASSET_PATHS = "\"Landmarks/Preview Content\"";
				DEVELOPMENT_TEAM = 7HVX2YCMN6;
				ENABLE_PREVIEWS = YES;
				GENERATE_INFOPLIST_FILE = YES;
				INFOPLIST_KEY_UIApplicationSceneManifest_Generation = YES;
				INFOPLIST_KEY_UIApplicationSupportsIndirectInputEvents = YES;
				INFOPLIST_KEY_UILaunchScreen_Generation = YES;
				INFOPLIST_KEY_UISupportedInterfaceOrientations_iPad = "UIInterfaceOrientationPortrait UIInterfaceOrientationPortraitUpsideDown UIInterfaceOrientationLandscapeLeft UIInterfaceOrientationLandscapeRight";
				INFOPLIST_KEY_UISupportedInterfaceOrientations_iPhone = "UIInterfaceOrientationPortrait UIInterfaceOrientationLandscapeLeft UIInterfaceOrientationLandscapeRight";
				LD_RUNPATH_SEARCH_PATHS = (
					"$(inherited)",
					"@executable_path/Frameworks",
				);
				MARKETING_VERSION = 1.0;
				PRODUCT_BUNDLE_IDENTIFIER = works.elawady.Landmarks;
				PRODUCT_NAME = "$(TARGET_NAME)";
				SWIFT_EMIT_LOC_STRINGS = YES;
				SWIFT_VERSION = 5.0;
				TARGETED_DEVICE_FAMILY = "1,2";
			};
			name = Debug;
		};
		CC4585DC2AD2C4E1009B36E4 /* Release */ = {
			isa = XCBuildConfiguration;
			buildSettings = {
				ASSETCATALOG_COMPILER_APPICON_NAME = AppIcon;
				ASSETCATALOG_COMPILER_GLOBAL_ACCENT_COLOR_NAME = AccentColor;
				CODE_SIGN_STYLE = Automatic;
				CURRENT_PROJECT_VERSION = 1;
				DEVELOPMENT_ASSET_PATHS = "\"Landmarks/Preview Content\"";
				DEVELOPMENT_TEAM = 7HVX2YCMN6;
				ENABLE_PREVIEWS = YES;
				GENERATE_INFOPLIST_FILE = YES;
				INFOPLIST_KEY_UIApplicationSceneManifest_Generation = YES;
				INFOPLIST_KEY_UIApplicationSupportsIndirectInputEvents = YES;
				INFOPLIST_KEY_UILaunchScreen_Generation = YES;
				INFOPLIST_KEY_UISupportedInterfaceOrientations_iPad = "UIInterfaceOrientationPortrait UIInterfaceOrientationPortraitUpsideDown UIInterfaceOrientationLandscapeLeft UIInterfaceOrientationLandscapeRight";
				INFOPLIST_KEY_UISupportedInterfaceOrientations_iPhone = "UIInterfaceOrientationPortrait UIInterfaceOrientationLandscapeLeft UIInterfaceOrientationLandscapeRight";
				LD_RUNPATH_SEARCH_PATHS = (
					"$(inherited)",
					"@executable_path/Frameworks",
				);
				MARKETING_VERSION = 1.0;
				PRODUCT_BUNDLE_IDENTIFIER = works.elawady.Landmarks;
				PRODUCT_NAME = "$(TARGET_NAME)";
				SWIFT_EMIT_LOC_STRINGS = YES;
				SWIFT_VERSION = 5.0;
				TARGETED_DEVICE_FAMILY = "1,2";
			};
			name = Release;
		};
/* End XCBuildConfiguration section */

/* Begin XCConfigurationList section */
		CC4585C72AD2C4E0009B36E4 /* Build configuration list for PBXProject "Landmarks" */ = {
			isa = XCConfigurationList;
			buildConfigurations = (
				CC4585D82AD2C4E1009B36E4 /* Debug */,
				CC4585D92AD2C4E1009B36E4 /* Release */,
			);
			defaultConfigurationIsVisible = 0;
			defaultConfigurationName = Release;
		};
		CC4585DA2AD2C4E1009B36E4 /* Build configuration list for PBXNativeTarget "Landmarks" */ = {
			isa = XCConfigurationList;
			buildConfigurations = (
				CC4585DB2AD2C4E1009B36E4 /* Debug */,
				CC4585DC2AD2C4E1009B36E4 /* Release */,
			);
			defaultConfigurationIsVisible = 0;
			defaultConfigurationName = Release;
		};
/* End XCConfigurationList section */
	};
	rootObject = CC4585C42AD2C4E0009B36E4 /* Project object */;
}
